
Microsoft Visual Studio Solution File, Format Version 10.00
# Visual Studio 2008
Project("{1863889A-00DF-4350-BA39-669CA949CB81}") = "phpvms", "phpvms.phpproj", "{739A1811-CFCA-41F4-A77C-095DE736524C}"
EndProject
Global
	GlobalSection(SolutionConfigurationPlatforms) = preSolution
		Local|PHP 5 = Local|PHP 5
		Production|PHP 5 = Production|PHP 5
		Staging|PHP 5 = Staging|PHP 5
	EndGlobalSection
	GlobalSection(ProjectConfigurationPlatforms) = postSolution
		{739A1811-CFCA-41F4-A77C-095DE736524C}.Local|PHP 5.ActiveCfg = Local|PHP 5
		{739A1811-CFCA-41F4-A77C-095DE736524C}.Local|PHP 5.Deploy.0 = Local|PHP 5
		{739A1811-CFCA-41F4-A77C-095DE736524C}.Production|PHP 5.ActiveCfg = Production|PHP 5
		{739A1811-CFCA-41F4-A77C-095DE736524C}.Production|PHP 5.Deploy.0 = Production|PHP 5
		{739A1811-CFCA-41F4-A77C-095DE736524C}.Staging|PHP 5.ActiveCfg = Staging|PHP 5
		{739A1811-CFCA-41F4-A77C-095DE736524C}.Staging|PHP 5.Deploy.0 = Staging|PHP 5
	EndGlobalSection
	GlobalSection(SolutionProperties) = preSolution
		HideSolutionNode = FALSE
	EndGlobalSection
EndGlobal
